// !$*UTF8*$!
{
	archiveVersion = 1;
	classes = {
	};
	objectVersion = 46;
	objects = {

/* Begin PBXBuildFile section */
		E63992321CDA452000AD452A /* OpenGL.framework in Frameworks */ = {isa = PBXBuildFile; fileRef = E63992311CDA452000AD452A /* OpenGL.framework */; };
		E63992341CDA452A00AD452A /* GLUT.framework in Frameworks */ = {isa = PBXBuildFile; fileRef = E63992331CDA452A00AD452A /* GLUT.framework */; };
		E6BD8CB51CD99951002C65D4 /* main.cpp in Sources */ = {isa = PBXBuildFile; fileRef = E6BD8CB41CD99951002C65D4 /* main.cpp */; };
/* End PBXBuildFile section */

/* Begin PBXCopyFilesBuildPhase section */
		E6BD8CAF1CD99951002C65D4 /* CopyFiles */ = {
			isa = PBXCopyFilesBuildPhase;
			buildActionMask = 2147483647;
			dstPath = /usr/share/man/man1/;
			dstSubfolderSpec = 0;
			files = (
			);
			runOnlyForDeploymentPostprocessing = 1;
		};
/* End PBXCopyFilesBuildPhase section */

/* Begin PBXFileReference section */
		E639922F1CDA438400AD452A /* math_3d.h */ = {isa = PBXFileReference; fileEncoding = 4; lastKnownFileType = sourcecode.c.h; path = math_3d.h; sourceTree = "<group>"; };
		E63992311CDA452000AD452A /* OpenGL.framework */ = {isa = PBXFileReference; lastKnownFileType = wrapper.framework; name = OpenGL.framework; path = System/Library/Frameworks/OpenGL.framework; sourceTree = SDKROOT; };
		E63992331CDA452A00AD452A /* GLUT.framework */ = {isa = PBXFileReference; lastKnownFileType = wrapper.framework; name = GLUT.framework; path = System/Library/Frameworks/GLUT.framework; sourceTree = SDKROOT; };
		E6BD8CB11CD99951002C65D4 /* lesson02 */ = {isa = PBXFileReference; explicitFileType = "compiled.mach-o.executable"; includeInIndex = 0; path = lesson02; sourceTree = BUILT_PRODUCTS_DIR; };
		E6BD8CB41CD99951002C65D4 /* main.cpp */ = {isa = PBXFileReference; lastKnownFileType = sourcecode.cpp.cpp; path = main.cpp; sourceTree = "<group>"; };
/* End PBXFileReference section */

/* Begin PBXFrameworksBuildPhase section */
		E6BD8CAE1CD99951002C65D4 /* Frameworks */ = {
			isa = PBXFrameworksBuildPhase;
			buildActionMask = 2147483647;
			files = (
				E63992341CDA452A00AD452A /* GLUT.framework in Frameworks */,
				E63992321CDA452000AD452A /* OpenGL.framework in Frameworks */,
			);
			runOnlyForDeploymentPostprocessing = 0;
		};
/* End PBXFrameworksBuildPhase section */

/* Begin PBXGroup section */
		E63992351CDA453C00AD452A /* Frameworks */ = {
			isa = PBXGroup;
			children = (
				E63992331CDA452A00AD452A /* GLUT.framework */,
				E63992311CDA452000AD452A /* OpenGL.framework */,
			);
			name = Frameworks;
			sourceTree = "<group>";
		};
		E6BD8CA81CD99951002C65D4 = {
			isa = PBXGroup;
			children = (
				E63992351CDA453C00AD452A /* Frameworks */,
				E6BD8CB31CD99951002C65D4 /* lesson02 */,
				E6BD8CB21CD99951002C65D4 /* Products */,
			);
			sourceTree = "<group>";
		};
		E6BD8CB21CD99951002C65D4 /* Products */ = {
			isa = PBXGroup;
			children = (
				E6BD8CB11CD99951002C65D4 /* lesson02 */,
			);
			name = Products;
			sourceTree = "<group>";
		};
		E6BD8CB31CD99951002C65D4 /* lesson02 */ = {
			isa = PBXGroup;
			children = (
				E6BD8CB41CD99951002C65D4 /* main.cpp */,
				E639922F1CDA438400AD452A /* math_3d.h */,
			);
			path = lesson02;
			sourceTree = "<group>";
		};
/* End PBXGroup section */

/* Begin PBXNativeTarget section */
		E6BD8CB01CD99951002C65D4 /* lesson02 */ = {
			isa = PBXNativeTarget;
			buildConfigurationList = E6BD8CB81CD99951002C65D4 /* Build configuration list for PBXNativeTarget "lesson02" */;
			buildPhases = (
				E6BD8CAD1CD99951002C65D4 /* Sources */,
				E6BD8CAE1CD99951002C65D4 /* Frameworks */,
				E6BD8CAF1CD99951002C65D4 /* CopyFiles */,
			);
			buildRules = (
			);
			dependencies = (
			);
			name = lesson02;
			productName = lesson02;
			productReference = E6BD8CB11CD99951002C65D4 /* lesson02 */;
			productType = "com.apple.product-type.tool";
		};
/* End PBXNativeTarget section */

/* Begin PBXProject section */
		E6BD8CA91CD99951002C65D4 /* Project object */ = {
			isa = PBXProject;
			attributes = {
				LastUpgradeCheck = 0730;
				ORGANIZATIONNAME = xyz.chenchangqing;
				TargetAttributes = {
					E6BD8CB01CD99951002C65D4 = {
						CreatedOnToolsVersion = 7.3;
					};
				};
			};
			buildConfigurationList = E6BD8CAC1CD99951002C65D4 /* Build configuration list for PBXProject "lesson02" */;
			compatibilityVersion = "Xcode 3.2";
			developmentRegion = English;
			hasScannedForEncodings = 0;
			knownRegions = (
				en,
			);
			mainGroup = E6BD8CA81CD99951002C65D4;
			productRefGroup = E6BD8CB21CD99951002C65D4 /* Products */;
			projectDirPath = "";
			projectRoot = "";
			targets = (
				E6BD8CB01CD99951002C65D4 /* lesson02 */,
			);
		};
/* End PBXProject section */

/* Begin PBXSourcesBuildPhase section */
		E6BD8CAD1CD99951002C65D4 /* Sources */ = {
			isa = PBXSourcesBuildPhase;
			buildActionMask = 2147483647;
			files = (
				E6BD8CB51CD99951002C65D4 /* main.cpp in Sources */,
			);
			runOnlyForDeploymentPostprocessing = 0;
		};
/* End PBXSourcesBuildPhase section */

/* Begin XCBuildConfiguration section */
		E6BD8CB61CD99951002C65D4 /* Debug */ = {
			isa = XCBuildConfiguration;
			buildSettings = {
				ALWAYS_SEARCH_USER_PATHS = NO;
				CLANG_ANALYZER_NONNULL = YES;
				CLANG_CXX_LANGUAGE_STANDARD = "gnu++0x";
				CLANG_CXX_LIBRARY = "libc++";
				CLANG_ENABLE_MODULES = YES;
				CLANG_ENABLE_OBJC_ARC = YES;
				CLANG_WARN_BOOL_CONVERSION = YES;
				CLANG_WARN_CONSTANT_CONVERSION = YES;
				CLANG_WARN_DIRECT_OBJC_ISA_USAGE = YES_ERROR;
				CLANG_WARN_EMPTY_BODY = YES;
				CLANG_WARN_ENUM_CONVERSION = YES;
				CLANG_WARN_INT_CONVERSION = YES;
				CLANG_WARN_OBJC_ROOT_CLASS = YES_ERROR;
				CLANG_WARN_UNREACHABLE_CODE = YES;
				CLANG_WARN__DUPLICATE_METHOD_MATCH = YES;
				CODE_SIGN_IDENTITY = "-";
				COPY_PHASE_STRIP = NO;
				DEBUG_INFORMATION_FORMAT = dwarf;
				ENABLE_STRICT_OBJC_MSGSEND = YES;
				ENABLE_TESTABILITY = YES;
				GCC_C_LANGUAGE_STANDARD = gnu99;
				GCC_DYNAMIC_NO_PIC = NO;
				GCC_NO_COMMON_BLOCKS = YES;
				GCC_OPTIMIZATION_LEVEL = 0;
				GCC_PREPROCESSOR_DEFINITIONS = (
					"DEBUG=1",
					"$(inherited)",
				);
				GCC_WARN_64_TO_32_BIT_CONVERSION = YES;
				GCC_WARN_ABOUT_RETURN_TYPE = YES_ERROR;
				GCC_WARN_UNDECLARED_SELECTOR = YES;
				GCC_WARN_UNINITIALIZED_AUTOS = YES_AGGRESSIVE;
				GCC_WARN_UNUSED_FUNCTION = YES;
				GCC_WARN_UNUSED_VARIABLE = YES;
				MACOSX_DEPLOYMENT_TARGET = 10.11;
				MTL_ENABLE_DEBUG_INFO = YES;
				ONLY_ACTIVE_ARCH = YES;
				SDKROOT = macosx;
			};
			name = Debug;
		};
		E6BD8CB71CD99951002C65D4 /* Release */ = {
			isa = XCBuildConfiguration;
			buildSettings = {
				ALWAYS_SEARCH_USER_PATHS = NO;
				CLANG_ANALYZER_NONNULL = YES;
				CLANG_CXX_LANGUAGE_STANDARD = "gnu++0x";
				CLANG_CXX_LIBRARY = "libc++";
				CLANG_ENABLE_MODULES = YES;
				CLANG_ENABLE_OBJC_ARC = YES;
				CLANG_WARN_BOOL_CONVERSION = YES;
				CLANG_WARN_CONSTANT_CONVERSION = YES;
				CLANG_WARN_DIRECT_OBJC_ISA_USAGE = YES_ERROR;
				CLANG_WARN_EMPTY_BODY = YES;
				CLANG_WARN_ENUM_CONVERSION = YES;
				CLANG_WARN_INT_CONVERSION = YES;
				CLANG_WARN_OBJC_ROOT_CLASS = YES_ERROR;
				CLANG_WARN_UNREACHABLE_CODE = YES;
				CLANG_WARN__DUPLICATE_METHOD_MATCH = YES;
				CODE_SIGN_IDENTITY = "-";
				COPY_PHASE_STRIP = NO;
				DEBUG_INFORMATION_FORMAT = "dwarf-with-dsym";
				ENABLE_NS_ASSERTIONS = NO;
				ENABLE_STRICT_OBJC_MSGSEND = YES;
				GCC_C_LANGUAGE_STANDARD = gnu99;
				GCC_NO_COMMON_BLOCKS = YES;
				GCC_WARN_64_TO_32_BIT_CONVERSION = YES;
				GCC_WARN_ABOUT_RETURN_TYPE = YES_ERROR;
				GCC_WARN_UNDECLARED_SELECTOR = YES;
				GCC_WARN_UNINITIALIZED_AUTOS = YES_AGGRESSIVE;
				GCC_WARN_UNUSED_FUNCTION = YES;
				GCC_WARN_UNUSED_VARIABLE = YES;
				MACOSX_DEPLOYMENT_TARGET = 10.11;
				MTL_ENABLE_DEBUG_INFO = NO;
				SDKROOT = macosx;
			};
			name = Release;
		};
		E6BD8CB91CD99951002C65D4 /* Debug */ = {
			isa = XCBuildConfiguration;
			buildSettings = {
				HEADER_SEARCH_PATHS = /opt/local/include/;
				LIBRARY_SEARCH_PATHS = /opt/local/lib/;
				OTHER_LDFLAGS = (
					"-lGLEW",
					"-lGLUT",
				);
				PRODUCT_NAME = "$(TARGET_NAME)";
			};
			name = Debug;
		};
		E6BD8CBA1CD99951002C65D4 /* Release */ = {
			isa = XCBuildConfiguration;
			buildSettings = {
				HEADER_SEARCH_PATHS = /opt/local/include/;
				LIBRARY_SEARCH_PATHS = /opt/local/lib/;
				OTHER_LDFLAGS = (
					"-lGLEW",
					"-lGLUT",
				);
				PRODUCT_NAME = "$(TARGET_NAME)";
			};
			name = Release;
		};
/* End XCBuildConfiguration section */

/* Begin XCConfigurationList section */
		E6BD8CAC1CD99951002C65D4 /* Build configuration list for PBXProject "lesson02" */ = {
			isa = XCConfigurationList;
			buildConfigurations = (
				E6BD8CB61CD99951002C65D4 /* Debug */,
				E6BD8CB71CD99951002C65D4 /* Release */,
			);
			defaultConfigurationIsVisible = 0;
			defaultConfigurationName = Release;
		};
		E6BD8CB81CD99951002C65D4 /* Build configuration list for PBXNativeTarget "lesson02" */ = {
			isa = XCConfigurationList;
			buildConfigurations = (
				E6BD8CB91CD99951002C65D4 /* Debug */,
				E6BD8CBA1CD99951002C65D4 /* Release */,
			);
			defaultConfigurationIsVisible = 0;
			defaultConfigurationName = Release;
		};
/* End XCConfigurationList section */
	};
	rootObject = E6BD8CA91CD99951002C65D4 /* Project object */;
}
